PODS:
  - Flutter (1.0.0)
  - image_compress (0.0.1):
    - Flutter

DEPENDENCIES:
  - Flutter (from `.symlinks/flutter/ios`)
  - image_compress (from `.symlinks/plugins/image_compress/ios`)

EXTERNAL SOURCES:
  Flutter:
    :path: ".symlinks/flutter/ios"
  image_compress:
    :path: ".symlinks/plugins/image_compress/ios"

SPEC CHECKSUMS:
  Flutter: 9d0fac939486c9aba2809b7982dfdbb47a7b0296
  image_compress: d455b3e4fcef01c8c9449f8345569f0e3b37d54d

PODFILE CHECKSUM: 1e5af4103afd21ca5ead147d7b81d06f494f51a2

COCOAPODS: 1.5.3
